
Microsoft Visual Studio Solution File, Format Version 12.00
# Visual Studio Version 16
VisualStudioVersion = 16.0.31729.503
MinimumVisualStudioVersion = 10.0.40219.1
Project("{FAE04EC0-301F-11D3-BF4B-00C04F79EFBC}") = "06-04-2022-NonSqlDb", "06-04-2022-NonSqlDb\06-04-2022-NonSqlDb.csproj", "{B339A991-8178-402A-AB33-8FB8D2ECCA06}"
EndProject
Global
	GlobalSection(SolutionConfigurationPlatforms) = preSolution
		Debug|Any CPU = Debug|Any CPU
		Release|Any CPU = Release|Any CPU
	EndGlobalSection
	GlobalSection(ProjectConfigurationPlatforms) = postSolution
		{B339A991-8178-402A-AB33-8FB8D2ECCA06}.Debug|Any CPU.ActiveCfg = Debug|Any CPU
		{B339A991-8178-402A-AB33-8FB8D2ECCA06}.Debug|Any CPU.Build.0 = Debug|Any CPU
		{B339A991-8178-402A-AB33-8FB8D2ECCA06}.Release|Any CPU.ActiveCfg = Release|Any CPU
		{B339A991-8178-402A-AB33-8FB8D2ECCA06}.Release|Any CPU.Build.0 = Release|Any CPU
	EndGlobalSection
	GlobalSection(SolutionProperties) = preSolution
		HideSolutionNode = FALSE
	EndGlobalSection
	GlobalSection(ExtensibilityGlobals) = postSolution
		SolutionGuid = {38CB316C-FC89-4CF6-8679-A6DEAB9F5F9C}
	EndGlobalSection
EndGlobal
